// !$*UTF8*$!
{
	archiveVersion = 1;
	classes = {
	};
	objectVersion = 56;
	objects = {

/* Begin PBXBuildFile section */
		EA26E6A32A33105C00B03DDE /* ANGLESwiftUIApp.swift in Sources */ = {isa = PBXBuildFile; fileRef = EA26E6A22A33105C00B03DDE /* ANGLESwiftUIApp.swift */; };
		EA26E6A52A33105C00B03DDE /* ContentView.swift in Sources */ = {isa = PBXBuildFile; fileRef = EA26E6A42A33105C00B03DDE /* ContentView.swift */; };
		EA26E6A72A33105E00B03DDE /* Assets.xcassets in Resources */ = {isa = PBXBuildFile; fileRef = EA26E6A62A33105E00B03DDE /* Assets.xcassets */; };
		EA26E6AA2A33105E00B03DDE /* Preview Assets.xcassets in Resources */ = {isa = PBXBuildFile; fileRef = EA26E6A92A33105E00B03DDE /* Preview Assets.xcassets */; };
		EA26E6B92A33108000B03DDE /* RenderView.swift in Sources */ = {isa = PBXBuildFile; fileRef = EA26E6B82A33108000B03DDE /* RenderView.swift */; };
		EA26E6BC2A3339E600B03DDE /* libEGL.xcframework in Frameworks */ = {isa = PBXBuildFile; fileRef = EA26E6BA2A3339E600B03DDE /* libEGL.xcframework */; };
		EA26E6BD2A3339E700B03DDE /* libEGL.xcframework in Embed Frameworks */ = {isa = PBXBuildFile; fileRef = EA26E6BA2A3339E600B03DDE /* libEGL.xcframework */; settings = {ATTRIBUTES = (CodeSignOnCopy, RemoveHeadersOnCopy, ); }; };
		EA26E6BE2A3339E700B03DDE /* libGLESv2.xcframework in Frameworks */ = {isa = PBXBuildFile; fileRef = EA26E6BB2A3339E600B03DDE /* libGLESv2.xcframework */; };
		EA26E6BF2A3339E700B03DDE /* libGLESv2.xcframework in Embed Frameworks */ = {isa = PBXBuildFile; fileRef = EA26E6BB2A3339E600B03DDE /* libGLESv2.xcframework */; settings = {ATTRIBUTES = (CodeSignOnCopy, RemoveHeadersOnCopy, ); }; };
/* End PBXBuildFile section */

/* Begin PBXCopyFilesBuildPhase section */
		EA26E6C02A3339E700B03DDE /* Embed Frameworks */ = {
			isa = PBXCopyFilesBuildPhase;
			buildActionMask = 2147483647;
			dstPath = "";
			dstSubfolderSpec = 10;
			files = (
				EA26E6BF2A3339E700B03DDE /* libGLESv2.xcframework in Embed Frameworks */,
				EA26E6BD2A3339E700B03DDE /* libEGL.xcframework in Embed Frameworks */,
			);
			name = "Embed Frameworks";
			runOnlyForDeploymentPostprocessing = 0;
		};
/* End PBXCopyFilesBuildPhase section */

/* Begin PBXFileReference section */
		EA26E69F2A33105C00B03DDE /* ANGLESwiftUI.app */ = {isa = PBXFileReference; explicitFileType = wrapper.application; includeInIndex = 0; path = ANGLESwiftUI.app; sourceTree = BUILT_PRODUCTS_DIR; };
		EA26E6A22A33105C00B03DDE /* ANGLESwiftUIApp.swift */ = {isa = PBXFileReference; lastKnownFileType = sourcecode.swift; path = ANGLESwiftUIApp.swift; sourceTree = "<group>"; };
		EA26E6A42A33105C00B03DDE /* ContentView.swift */ = {isa = PBXFileReference; lastKnownFileType = sourcecode.swift; path = ContentView.swift; sourceTree = "<group>"; };
		EA26E6A62A33105E00B03DDE /* Assets.xcassets */ = {isa = PBXFileReference; lastKnownFileType = folder.assetcatalog; path = Assets.xcassets; sourceTree = "<group>"; };
		EA26E6A92A33105E00B03DDE /* Preview Assets.xcassets */ = {isa = PBXFileReference; lastKnownFileType = folder.assetcatalog; path = "Preview Assets.xcassets"; sourceTree = "<group>"; };
		EA26E6B82A33108000B03DDE /* RenderView.swift */ = {isa = PBXFileReference; lastKnownFileType = sourcecode.swift; path = RenderView.swift; sourceTree = "<group>"; };
		EA26E6BA2A3339E600B03DDE /* libEGL.xcframework */ = {isa = PBXFileReference; lastKnownFileType = wrapper.xcframework; name = libEGL.xcframework; path = ANGLESwiftUI/libEGL.xcframework; sourceTree = "<group>"; };
		EA26E6BB2A3339E600B03DDE /* libGLESv2.xcframework */ = {isa = PBXFileReference; lastKnownFileType = wrapper.xcframework; name = libGLESv2.xcframework; path = ANGLESwiftUI/libGLESv2.xcframework; sourceTree = "<group>"; };
		EA26E6C12A333A2B00B03DDE /* ANGLESwiftUI.entitlements */ = {isa = PBXFileReference; lastKnownFileType = text.plist.entitlements; path = ANGLESwiftUI.entitlements; sourceTree = "<group>"; };
/* End PBXFileReference section */

/* Begin PBXFrameworksBuildPhase section */
		EA26E69C2A33105C00B03DDE /* Frameworks */ = {
			isa = PBXFrameworksBuildPhase;
			buildActionMask = 2147483647;
			files = (
				EA26E6BE2A3339E700B03DDE /* libGLESv2.xcframework in Frameworks */,
				EA26E6BC2A3339E600B03DDE /* libEGL.xcframework in Frameworks */,
			);
			runOnlyForDeploymentPostprocessing = 0;
		};
/* End PBXFrameworksBuildPhase section */

/* Begin PBXGroup section */
		EA26E6962A33105C00B03DDE = {
			isa = PBXGroup;
			children = (
				EA26E6A12A33105C00B03DDE /* ANGLESwiftUI */,
				EA26E6A02A33105C00B03DDE /* Products */,
				EA26E6B02A33107700B03DDE /* Frameworks */,
			);
			sourceTree = "<group>";
		};
		EA26E6A02A33105C00B03DDE /* Products */ = {
			isa = PBXGroup;
			children = (
				EA26E69F2A33105C00B03DDE /* ANGLESwiftUI.app */,
			);
			name = Products;
			sourceTree = "<group>";
		};
		EA26E6A12A33105C00B03DDE /* ANGLESwiftUI */ = {
			isa = PBXGroup;
			children = (
				EA26E6C12A333A2B00B03DDE /* ANGLESwiftUI.entitlements */,
				EA26E6A22A33105C00B03DDE /* ANGLESwiftUIApp.swift */,
				EA26E6A42A33105C00B03DDE /* ContentView.swift */,
				EA26E6B82A33108000B03DDE /* RenderView.swift */,
				EA26E6A62A33105E00B03DDE /* Assets.xcassets */,
				EA26E6A82A33105E00B03DDE /* Preview Content */,
			);
			path = ANGLESwiftUI;
			sourceTree = "<group>";
		};
		EA26E6A82A33105E00B03DDE /* Preview Content */ = {
			isa = PBXGroup;
			children = (
				EA26E6A92A33105E00B03DDE /* Preview Assets.xcassets */,
			);
			path = "Preview Content";
			sourceTree = "<group>";
		};
		EA26E6B02A33107700B03DDE /* Frameworks */ = {
			isa = PBXGroup;
			children = (
				EA26E6BA2A3339E600B03DDE /* libEGL.xcframework */,
				EA26E6BB2A3339E600B03DDE /* libGLESv2.xcframework */,
			);
			name = Frameworks;
			sourceTree = "<group>";
		};
/* End PBXGroup section */

/* Begin PBXNativeTarget section */
		EA26E69E2A33105C00B03DDE /* ANGLESwiftUI */ = {
			isa = PBXNativeTarget;
			buildConfigurationList = EA26E6AD2A33105E00B03DDE /* Build configuration list for PBXNativeTarget "ANGLESwiftUI" */;
			buildPhases = (
				EA26E69B2A33105C00B03DDE /* Sources */,
				EA26E69C2A33105C00B03DDE /* Frameworks */,
				EA26E69D2A33105C00B03DDE /* Resources */,
				EA26E6C02A3339E700B03DDE /* Embed Frameworks */,
			);
			buildRules = (
			);
			dependencies = (
			);
			name = ANGLESwiftUI;
			productName = ANGLESwiftUI;
			productReference = EA26E69F2A33105C00B03DDE /* ANGLESwiftUI.app */;
			productType = "com.apple.product-type.application";
		};
/* End PBXNativeTarget section */

/* Begin PBXProject section */
		EA26E6972A33105C00B03DDE /* Project object */ = {
			isa = PBXProject;
			attributes = {
				BuildIndependentTargetsInParallel = 1;
				LastSwiftUpdateCheck = 1430;
				LastUpgradeCheck = 1620;
				TargetAttributes = {
					EA26E69E2A33105C00B03DDE = {
						CreatedOnToolsVersion = 14.3.1;
					};
				};
			};
			buildConfigurationList = EA26E69A2A33105C00B03DDE /* Build configuration list for PBXProject "ANGLESwiftUI" */;
			compatibilityVersion = "Xcode 14.0";
			developmentRegion = en;
			hasScannedForEncodings = 0;
			knownRegions = (
				en,
				Base,
			);
			mainGroup = EA26E6962A33105C00B03DDE;
			productRefGroup = EA26E6A02A33105C00B03DDE /* Products */;
			projectDirPath = "";
			projectRoot = "";
			targets = (
				EA26E69E2A33105C00B03DDE /* ANGLESwiftUI */,
			);
		};
/* End PBXProject section */

/* Begin PBXResourcesBuildPhase section */
		EA26E69D2A33105C00B03DDE /* Resources */ = {
			isa = PBXResourcesBuildPhase;
			buildActionMask = 2147483647;
			files = (
				EA26E6AA2A33105E00B03DDE /* Preview Assets.xcassets in Resources */,
				EA26E6A72A33105E00B03DDE /* Assets.xcassets in Resources */,
			);
			runOnlyForDeploymentPostprocessing = 0;
		};
/* End PBXResourcesBuildPhase section */

/* Begin PBXSourcesBuildPhase section */
		EA26E69B2A33105C00B03DDE /* Sources */ = {
			isa = PBXSourcesBuildPhase;
			buildActionMask = 2147483647;
			files = (
				EA26E6A52A33105C00B03DDE /* ContentView.swift in Sources */,
				EA26E6A32A33105C00B03DDE /* ANGLESwiftUIApp.swift in Sources */,
				EA26E6B92A33108000B03DDE /* RenderView.swift in Sources */,
			);
			runOnlyForDeploymentPostprocessing = 0;
		};
/* End PBXSourcesBuildPhase section */

/* Begin XCBuildConfiguration section */
		EA26E6AB2A33105E00B03DDE /* Debug */ = {
			isa = XCBuildConfiguration;
			buildSettings = {
				ALWAYS_SEARCH_USER_PATHS = NO;
				ASSETCATALOG_COMPILER_GENERATE_SWIFT_ASSET_SYMBOL_EXTENSIONS = YES;
				CLANG_ANALYZER_NONNULL = YES;
				CLANG_ANALYZER_NUMBER_OBJECT_CONVERSION = YES_AGGRESSIVE;
				CLANG_CXX_LANGUAGE_STANDARD = "gnu++20";
				CLANG_ENABLE_MODULES = YES;
				CLANG_ENABLE_OBJC_ARC = YES;
				CLANG_ENABLE_OBJC_WEAK = YES;
				CLANG_WARN_BLOCK_CAPTURE_AUTORELEASING = YES;
				CLANG_WARN_BOOL_CONVERSION = YES;
				CLANG_WARN_COMMA = YES;
				CLANG_WARN_CONSTANT_CONVERSION = YES;
				CLANG_WARN_DEPRECATED_OBJC_IMPLEMENTATIONS = YES;
				CLANG_WARN_DIRECT_OBJC_ISA_USAGE = YES_ERROR;
				CLANG_WARN_DOCUMENTATION_COMMENTS = YES;
				CLANG_WARN_EMPTY_BODY = YES;
				CLANG_WARN_ENUM_CONVERSION = YES;
				CLANG_WARN_INFINITE_RECURSION = YES;
				CLANG_WARN_INT_CONVERSION = YES;
				CLANG_WARN_NON_LITERAL_NULL_CONVERSION = YES;
				CLANG_WARN_OBJC_IMPLICIT_RETAIN_SELF = YES;
				CLANG_WARN_OBJC_LITERAL_CONVERSION = YES;
				CLANG_WARN_OBJC_ROOT_CLASS = YES_ERROR;
				CLANG_WARN_QUOTED_INCLUDE_IN_FRAMEWORK_HEADER = YES;
				CLANG_WARN_RANGE_LOOP_ANALYSIS = YES;
				CLANG_WARN_STRICT_PROTOTYPES = YES;
				CLANG_WARN_SUSPICIOUS_MOVE = YES;
				CLANG_WARN_UNGUARDED_AVAILABILITY = YES_AGGRESSIVE;
				CLANG_WARN_UNREACHABLE_CODE = YES;
				CLANG_WARN__DUPLICATE_METHOD_MATCH = YES;
				COPY_PHASE_STRIP = NO;
				DEBUG_INFORMATION_FORMAT = dwarf;
				ENABLE_STRICT_OBJC_MSGSEND = YES;
				ENABLE_TESTABILITY = YES;
				ENABLE_USER_SCRIPT_SANDBOXING = YES;
				GCC_C_LANGUAGE_STANDARD = gnu11;
				GCC_DYNAMIC_NO_PIC = NO;
				GCC_NO_COMMON_BLOCKS = YES;
				GCC_OPTIMIZATION_LEVEL = 0;
				GCC_PREPROCESSOR_DEFINITIONS = (
					"DEBUG=1",
					"$(inherited)",
				);
				GCC_WARN_64_TO_32_BIT_CONVERSION = YES;
				GCC_WARN_ABOUT_RETURN_TYPE = YES_ERROR;
				GCC_WARN_UNDECLARED_SELECTOR = YES;
				GCC_WARN_UNINITIALIZED_AUTOS = YES_AGGRESSIVE;
				GCC_WARN_UNUSED_FUNCTION = YES;
				GCC_WARN_UNUSED_VARIABLE = YES;
				IPHONEOS_DEPLOYMENT_TARGET = 16.4;
				MTL_ENABLE_DEBUG_INFO = INCLUDE_SOURCE;
				MTL_FAST_MATH = YES;
				ONLY_ACTIVE_ARCH = YES;
				SDKROOT = iphoneos;
				SWIFT_ACTIVE_COMPILATION_CONDITIONS = DEBUG;
				SWIFT_OPTIMIZATION_LEVEL = "-Onone";
			};
			name = Debug;
		};
		EA26E6AC2A33105E00B03DDE /* Release */ = {
			isa = XCBuildConfiguration;
			buildSettings = {
				ALWAYS_SEARCH_USER_PATHS = NO;
				ASSETCATALOG_COMPILER_GENERATE_SWIFT_ASSET_SYMBOL_EXTENSIONS = YES;
				CLANG_ANALYZER_NONNULL = YES;
				CLANG_ANALYZER_NUMBER_OBJECT_CONVERSION = YES_AGGRESSIVE;
				CLANG_CXX_LANGUAGE_STANDARD = "gnu++20";
				CLANG_ENABLE_MODULES = YES;
				CLANG_ENABLE_OBJC_ARC = YES;
				CLANG_ENABLE_OBJC_WEAK = YES;
				CLANG_WARN_BLOCK_CAPTURE_AUTORELEASING = YES;
				CLANG_WARN_BOOL_CONVERSION = YES;
				CLANG_WARN_COMMA = YES;
				CLANG_WARN_CONSTANT_CONVERSION = YES;
				CLANG_WARN_DEPRECATED_OBJC_IMPLEMENTATIONS = YES;
				CLANG_WARN_DIRECT_OBJC_ISA_USAGE = YES_ERROR;
				CLANG_WARN_DOCUMENTATION_COMMENTS = YES;
				CLANG_WARN_EMPTY_BODY = YES;
				CLANG_WARN_ENUM_CONVERSION = YES;
				CLANG_WARN_INFINITE_RECURSION = YES;
				CLANG_WARN_INT_CONVERSION = YES;
				CLANG_WARN_NON_LITERAL_NULL_CONVERSION = YES;
				CLANG_WARN_OBJC_IMPLICIT_RETAIN_SELF = YES;
				CLANG_WARN_OBJC_LITERAL_CONVERSION = YES;
				CLANG_WARN_OBJC_ROOT_CLASS = YES_ERROR;
				CLANG_WARN_QUOTED_INCLUDE_IN_FRAMEWORK_HEADER = YES;
				CLANG_WARN_RANGE_LOOP_ANALYSIS = YES;
				CLANG_WARN_STRICT_PROTOTYPES = YES;
				CLANG_WARN_SUSPICIOUS_MOVE = YES;
				CLANG_WARN_UNGUARDED_AVAILABILITY = YES_AGGRESSIVE;
				CLANG_WARN_UNREACHABLE_CODE = YES;
				CLANG_WARN__DUPLICATE_METHOD_MATCH = YES;
				COPY_PHASE_STRIP = NO;
				DEBUG_INFORMATION_FORMAT = "dwarf-with-dsym";
				ENABLE_NS_ASSERTIONS = NO;
				ENABLE_STRICT_OBJC_MSGSEND = YES;
				ENABLE_USER_SCRIPT_SANDBOXING = YES;
				GCC_C_LANGUAGE_STANDARD = gnu11;
				GCC_NO_COMMON_BLOCKS = YES;
				GCC_WARN_64_TO_32_BIT_CONVERSION = YES;
				GCC_WARN_ABOUT_RETURN_TYPE = YES_ERROR;
				GCC_WARN_UNDECLARED_SELECTOR = YES;
				GCC_WARN_UNINITIALIZED_AUTOS = YES_AGGRESSIVE;
				GCC_WARN_UNUSED_FUNCTION = YES;
				GCC_WARN_UNUSED_VARIABLE = YES;
				IPHONEOS_DEPLOYMENT_TARGET = 16.4;
				MTL_ENABLE_DEBUG_INFO = NO;
				MTL_FAST_MATH = YES;
				SDKROOT = iphoneos;
				SWIFT_COMPILATION_MODE = wholemodule;
				SWIFT_OPTIMIZATION_LEVEL = "-O";
				VALIDATE_PRODUCT = YES;
			};
			name = Release;
		};
		EA26E6AE2A33105E00B03DDE /* Debug */ = {
			isa = XCBuildConfiguration;
			buildSettings = {
				ASSETCATALOG_COMPILER_APPICON_NAME = AppIcon;
				ASSETCATALOG_COMPILER_GLOBAL_ACCENT_COLOR_NAME = AccentColor;
				CODE_SIGN_ENTITLEMENTS = ANGLESwiftUI/ANGLESwiftUI.entitlements;
				CODE_SIGN_STYLE = Automatic;
				CURRENT_PROJECT_VERSION = 1;
				DEVELOPMENT_ASSET_PATHS = "\"ANGLESwiftUI/Preview Content\"";
				DEVELOPMENT_TEAM = 22NR5428TD;
				ENABLE_PREVIEWS = YES;
				FRAMEWORK_SEARCH_PATHS = (
					"$(inherited)",
					"$(PROJECT_DIR)/ANGLESwiftUI",
				);
				GCC_PREPROCESSOR_DEFINITIONS = (
					"$(inherited)",
					_OpenGLESAvailability_H,
					"OPENGLES_DEPRECATED(...)=",
					GL_SILENCE_DEPRECATION,
				);
				GENERATE_INFOPLIST_FILE = YES;
				INFOPLIST_KEY_UIApplicationSceneManifest_Generation = YES;
				INFOPLIST_KEY_UIApplicationSupportsIndirectInputEvents = YES;
				INFOPLIST_KEY_UILaunchScreen_Generation = YES;
				INFOPLIST_KEY_UISupportedInterfaceOrientations_iPad = "UIInterfaceOrientationPortrait UIInterfaceOrientationPortraitUpsideDown UIInterfaceOrientationLandscapeLeft UIInterfaceOrientationLandscapeRight";
				INFOPLIST_KEY_UISupportedInterfaceOrientations_iPhone = "UIInterfaceOrientationPortrait UIInterfaceOrientationLandscapeLeft UIInterfaceOrientationLandscapeRight";
				LD_RUNPATH_SEARCH_PATHS = (
					"$(inherited)",
					"@executable_path/Frameworks",
				);
				MARKETING_VERSION = 1.0;
				PRODUCT_BUNDLE_IDENTIFIER = cn.astroweather.ANGLESwiftUI;
				PRODUCT_NAME = "$(TARGET_NAME)";
				SUPPORTED_PLATFORMS = "iphoneos iphonesimulator macosx xros xrsimulator";
				SUPPORTS_MACCATALYST = YES;
				SUPPORTS_MAC_DESIGNED_FOR_IPHONE_IPAD = YES;
				SWIFT_EMIT_LOC_STRINGS = YES;
				SWIFT_VERSION = 5.0;
				TARGETED_DEVICE_FAMILY = "1,2,6,7";
			};
			name = Debug;
		};
		EA26E6AF2A33105E00B03DDE /* Release */ = {
			isa = XCBuildConfiguration;
			buildSettings = {
				ASSETCATALOG_COMPILER_APPICON_NAME = AppIcon;
				ASSETCATALOG_COMPILER_GLOBAL_ACCENT_COLOR_NAME = AccentColor;
				CODE_SIGN_ENTITLEMENTS = ANGLESwiftUI/ANGLESwiftUI.entitlements;
				CODE_SIGN_STYLE = Automatic;
				CURRENT_PROJECT_VERSION = 1;
				DEVELOPMENT_ASSET_PATHS = "\"ANGLESwiftUI/Preview Content\"";
				DEVELOPMENT_TEAM = 22NR5428TD;
				ENABLE_PREVIEWS = YES;
				FRAMEWORK_SEARCH_PATHS = (
					"$(inherited)",
					"$(PROJECT_DIR)/ANGLESwiftUI",
				);
				GCC_PREPROCESSOR_DEFINITIONS = (
					"$(inherited)",
					_OpenGLESAvailability_H,
					"OPENGLES_DEPRECATED(...)=",
					GL_SILENCE_DEPRECATION,
				);
				GENERATE_INFOPLIST_FILE = YES;
				INFOPLIST_KEY_UIApplicationSceneManifest_Generation = YES;
				INFOPLIST_KEY_UIApplicationSupportsIndirectInputEvents = YES;
				INFOPLIST_KEY_UILaunchScreen_Generation = YES;
				INFOPLIST_KEY_UISupportedInterfaceOrientations_iPad = "UIInterfaceOrientationPortrait UIInterfaceOrientationPortraitUpsideDown UIInterfaceOrientationLandscapeLeft UIInterfaceOrientationLandscapeRight";
				INFOPLIST_KEY_UISupportedInterfaceOrientations_iPhone = "UIInterfaceOrientationPortrait UIInterfaceOrientationLandscapeLeft UIInterfaceOrientationLandscapeRight";
				LD_RUNPATH_SEARCH_PATHS = (
					"$(inherited)",
					"@executable_path/Frameworks",
				);
				MARKETING_VERSION = 1.0;
				PRODUCT_BUNDLE_IDENTIFIER = cn.astroweather.ANGLESwiftUI;
				PRODUCT_NAME = "$(TARGET_NAME)";
				SUPPORTED_PLATFORMS = "iphoneos iphonesimulator macosx xros xrsimulator";
				SUPPORTS_MACCATALYST = YES;
				SUPPORTS_MAC_DESIGNED_FOR_IPHONE_IPAD = YES;
				SWIFT_EMIT_LOC_STRINGS = YES;
				SWIFT_VERSION = 5.0;
				TARGETED_DEVICE_FAMILY = "1,2,6,7";
			};
			name = Release;
		};
/* End XCBuildConfiguration section */

/* Begin XCConfigurationList section */
		EA26E69A2A33105C00B03DDE /* Build configuration list for PBXProject "ANGLESwiftUI" */ = {
			isa = XCConfigurationList;
			buildConfigurations = (
				EA26E6AB2A33105E00B03DDE /* Debug */,
				EA26E6AC2A33105E00B03DDE /* Release */,
			);
			defaultConfigurationIsVisible = 0;
			defaultConfigurationName = Release;
		};
		EA26E6AD2A33105E00B03DDE /* Build configuration list for PBXNativeTarget "ANGLESwiftUI" */ = {
			isa = XCConfigurationList;
			buildConfigurations = (
				EA26E6AE2A33105E00B03DDE /* Debug */,
				EA26E6AF2A33105E00B03DDE /* Release */,
			);
			defaultConfigurationIsVisible = 0;
			defaultConfigurationName = Release;
		};
/* End XCConfigurationList section */
	};
	rootObject = EA26E6972A33105C00B03DDE /* Project object */;
}
